// !$*UTF8*$!
{
	archiveVersion = 1;
	classes = {
	};
	objectVersion = 46;
	objects = {

/* Begin PBXBuildFile section */
		03BC00BE0DEE32AD009AFC82 /* Icon-Pass.tiff in Resources */ = {isa = PBXBuildFile; fileRef = 03BC00BC0DEE32AD009AFC82 /* Icon-Pass.tiff */; };
		03BC00BF0DEE32AD009AFC82 /* Icon-Fail.tiff in Resources */ = {isa = PBXBuildFile; fileRef = 03BC00BD0DEE32AD009AFC82 /* Icon-Fail.tiff */; };
		600CE53209F2474F008BA30D /* AppKit.framework in Frameworks */ = {isa = PBXBuildFile; fileRef = 600CE53109F2474F008BA30D /* AppKit.framework */; };
		600CE53309F2474F008BA30D /* AppKit.framework in Frameworks */ = {isa = PBXBuildFile; fileRef = 600CE53109F2474F008BA30D /* AppKit.framework */; };
		600CE53409F2474F008BA30D /* AppKit.framework in Frameworks */ = {isa = PBXBuildFile; fileRef = 600CE53109F2474F008BA30D /* AppKit.framework */; };
		600CE53509F2474F008BA30D /* AppKit.framework in Frameworks */ = {isa = PBXBuildFile; fileRef = 600CE53109F2474F008BA30D /* AppKit.framework */; };
		60B98EF1180560BA00D1FFFF /* class.h in CopyFiles */ = {isa = PBXBuildFile; fileRef = AE8CCF680680B539008CA594 /* class.h */; };
		60B98EF2180560BA00D1FFFF /* class.m in CopyFiles */ = {isa = PBXBuildFile; fileRef = AE8CCF690680B539008CA594 /* class.m */; };
		60B98EF3180560BA00D1FFFF /* TemplateInfo.plist in CopyFiles */ = {isa = PBXBuildFile; fileRef = AE8CCF6A0680B539008CA594 /* TemplateInfo.plist */; };
		60B98EF5180560E700D1FFFF /* UnitKitBundle.trgttmpl in CopyFiles */ = {isa = PBXBuildFile; fileRef = AE8CCF780680B56F008CA594 /* UnitKitBundle.trgttmpl */; };
		60B98EF71805611E00D1FFFF /* UnitKit Testing Bundle.xctemplate in CopyFiles */ = {isa = PBXBuildFile; fileRef = 60B98EE418055E0500D1FFFF /* UnitKit Testing Bundle.xctemplate */; };
		60B98EF91805665B00D1FFFF /* Objective-C UnitKit test case class.xctemplate in CopyFiles */ = {isa = PBXBuildFile; fileRef = 60B98EE318055DD000D1FFFF /* Objective-C UnitKit test case class.xctemplate */; };
		AE390EF10724F2530036A22B /* TestFramework.framework in Frameworks */ = {isa = PBXBuildFile; fileRef = AEBED01906AFADB000451E26 /* TestFramework.framework */; };
		AE55498B06C5ACDC005FF2F3 /* Foundation.framework in Frameworks */ = {isa = PBXBuildFile; fileRef = AE55498A06C5ACDC005FF2F3 /* Foundation.framework */; };
		AE55498C06C5ACDC005FF2F3 /* Foundation.framework in Frameworks */ = {isa = PBXBuildFile; fileRef = AE55498A06C5ACDC005FF2F3 /* Foundation.framework */; };
		AE55498D06C5ACDC005FF2F3 /* Foundation.framework in Frameworks */ = {isa = PBXBuildFile; fileRef = AE55498A06C5ACDC005FF2F3 /* Foundation.framework */; };
		AE55498E06C5ACDC005FF2F3 /* Foundation.framework in Frameworks */ = {isa = PBXBuildFile; fileRef = AE55498A06C5ACDC005FF2F3 /* Foundation.framework */; };
		AE55498F06C5ACDC005FF2F3 /* Foundation.framework in Frameworks */ = {isa = PBXBuildFile; fileRef = AE55498A06C5ACDC005FF2F3 /* Foundation.framework */; };
		AE613E6905F181AE009B020F /* UKTestHandler.h in Headers */ = {isa = PBXBuildFile; fileRef = AE613E6705F181AE009B020F /* UKTestHandler.h */; settings = {ATTRIBUTES = (Public, ); }; };
		AE613E6A05F181AE009B020F /* UKTestHandler.m in Sources */ = {isa = PBXBuildFile; fileRef = AE613E6805F181AE009B020F /* UKTestHandler.m */; };
		AE702C3905FEC7920049C79F /* UKTestMessages.h in Headers */ = {isa = PBXBuildFile; fileRef = AE702C3705FEC7920049C79F /* UKTestMessages.h */; };
		AE702C3A05FEC7920049C79F /* UKTestMessages.m in Sources */ = {isa = PBXBuildFile; fileRef = AE702C3805FEC7920049C79F /* UKTestMessages.m */; };
		AE702CCB05FED1060049C79F /* UKRunnerTests.h in Headers */ = {isa = PBXBuildFile; fileRef = AE702CC905FED1060049C79F /* UKRunnerTests.h */; };
		AE702CCC05FED1060049C79F /* UKRunnerTests.m in Sources */ = {isa = PBXBuildFile; fileRef = AE702CCA05FED1060049C79F /* UKRunnerTests.m */; };
		AE70B66605F71D5500D56367 /* TestOne.h in Headers */ = {isa = PBXBuildFile; fileRef = AE70B66405F71D5500D56367 /* TestOne.h */; };
		AE70B66705F71D5500D56367 /* TestOne.m in Sources */ = {isa = PBXBuildFile; fileRef = AE70B66505F71D5500D56367 /* TestOne.m */; };
		AE70B66B05F71D8B00D56367 /* UnitKit.framework in Frameworks */ = {isa = PBXBuildFile; fileRef = 8DC2EF5B0486A6940098B216 /* UnitKit.framework */; };
		AE70B66F05F71E3F00D56367 /* Prefix.h in Headers */ = {isa = PBXBuildFile; fileRef = AE70B66E05F71E3F00D56367 /* Prefix.h */; };
		AE70B67005F71E3F00D56367 /* Prefix.h in Headers */ = {isa = PBXBuildFile; fileRef = AE70B66E05F71E3F00D56367 /* Prefix.h */; };
		AE70B67105F71E3F00D56367 /* Prefix.h in Headers */ = {isa = PBXBuildFile; fileRef = AE70B66E05F71E3F00D56367 /* Prefix.h */; };
		AE70B67205F71E3F00D56367 /* Prefix.h in Headers */ = {isa = PBXBuildFile; fileRef = AE70B66E05F71E3F00D56367 /* Prefix.h */; };
		AE70B72505F73A1F00D56367 /* TestTwo.h in Headers */ = {isa = PBXBuildFile; fileRef = AE70B72305F73A1F00D56367 /* TestTwo.h */; };
		AE70B72605F73A1F00D56367 /* TestTwo.m in Sources */ = {isa = PBXBuildFile; fileRef = AE70B72405F73A1F00D56367 /* TestTwo.m */; };
		AE70B72B05F73A3F00D56367 /* TestThree.h in Headers */ = {isa = PBXBuildFile; fileRef = AE70B72905F73A3F00D56367 /* TestThree.h */; };
		AE70B72C05F73A3F00D56367 /* TestThree.m in Sources */ = {isa = PBXBuildFile; fileRef = AE70B72A05F73A3F00D56367 /* TestThree.m */; };
		AE73F22105F1573200CAFD4D /* UKTest.h in Headers */ = {isa = PBXBuildFile; fileRef = AE73F21F05F1573200CAFD4D /* UKTest.h */; settings = {ATTRIBUTES = (Public, ); }; };
		AE923B6405C3B44600549058 /* UnitKit.framework in Frameworks */ = {isa = PBXBuildFile; fileRef = 8DC2EF5B0486A6940098B216 /* UnitKit.framework */; };
		AE923B6505C3B44C00549058 /* UnitKit.framework in Frameworks */ = {isa = PBXBuildFile; fileRef = 8DC2EF5B0486A6940098B216 /* UnitKit.framework */; };
		AE923B6E05C3B57600549058 /* UnitKit.h in Headers */ = {isa = PBXBuildFile; fileRef = AE923B6D05C3B57600549058 /* UnitKit.h */; settings = {ATTRIBUTES = (Public, ); }; };
		AE923B7105C3B62B00549058 /* InfoPlist.strings in Resources */ = {isa = PBXBuildFile; fileRef = AE923B6F05C3B62B00549058 /* InfoPlist.strings */; };
		AE923D8605C3B90100549058 /* main.m in Sources */ = {isa = PBXBuildFile; fileRef = AE923D8505C3B90100549058 /* main.m */; };
		AE923D8B05C3B9EC00549058 /* UKRunner.h in Headers */ = {isa = PBXBuildFile; fileRef = AE923D8905C3B9EC00549058 /* UKRunner.h */; settings = {ATTRIBUTES = (Public, ); }; };
		AE923D8C05C3B9EC00549058 /* UKRunner.m in Sources */ = {isa = PBXBuildFile; fileRef = AE923D8A05C3B9EC00549058 /* UKRunner.m */; };
		AEBED02906AFAE7800451E26 /* TestClass.h in Headers */ = {isa = PBXBuildFile; fileRef = AEBED02706AFAE7800451E26 /* TestClass.h */; settings = {ATTRIBUTES = (Public, ); }; };
		AEBED02A06AFAE7800451E26 /* TestClass.m in Sources */ = {isa = PBXBuildFile; fileRef = AEBED02806AFAE7800451E26 /* TestClass.m */; };
		AEBED0E106B0589C00451E26 /* UKTestFramework.h in Headers */ = {isa = PBXBuildFile; fileRef = AEBED04C06AFB1AB00451E26 /* UKTestFramework.h */; };
		AEBED0E306B058A100451E26 /* UKTestFramework.m in Sources */ = {isa = PBXBuildFile; fileRef = AEBED04D06AFB1AC00451E26 /* UKTestFramework.m */; };
		AEBED16906B0603600451E26 /* NOTICE in Resources */ = {isa = PBXBuildFile; fileRef = AEBED16806B0603600451E26 /* NOTICE */; };
		AEBEF4B805FAF2910020FB35 /* UKTestMacros.h in Headers */ = {isa = PBXBuildFile; fileRef = AEBEF4B605FAF2910020FB35 /* UKTestMacros.h */; };
		AEBEF4B905FAF2910020FB35 /* UKTestMacros.m in Sources */ = {isa = PBXBuildFile; fileRef = AEBEF4B705FAF2910020FB35 /* UKTestMacros.m */; };
		AEBEF55C05FBEFD10020FB35 /* UKTestLineNumbers.h in Headers */ = {isa = PBXBuildFile; fileRef = AEBEF55A05FBEFD10020FB35 /* UKTestLineNumbers.h */; };
		AEBEF55D05FBEFD10020FB35 /* UKTestLineNumbers.m in Sources */ = {isa = PBXBuildFile; fileRef = AEBEF55B05FBEFD10020FB35 /* UKTestLineNumbers.m */; };
		AEBEF56505FBF8010020FB35 /* UKTestFileNames.h in Headers */ = {isa = PBXBuildFile; fileRef = AEBEF56305FBF8010020FB35 /* UKTestFileNames.h */; };
		AEBEF56605FBF8010020FB35 /* UKTestFileNames.m in Sources */ = {isa = PBXBuildFile; fileRef = AEBEF56405FBF8010020FB35 /* UKTestFileNames.m */; };
		AEEB74D106B1BEFD00BE53E8 /* LICENSE in Resources */ = {isa = PBXBuildFile; fileRef = AEEB74D006B1BEFD00BE53E8 /* LICENSE */; };
		AEFFFA71060140EB0002576C /* UKTestHandler.strings in Resources */ = {isa = PBXBuildFile; fileRef = AEFFFA70060140EB0002576C /* UKTestHandler.strings */; };
/* End PBXBuildFile section */

/* Begin PBXContainerItemProxy section */
		AE70B65605F7100E00D56367 /* PBXContainerItemProxy */ = {
			isa = PBXContainerItemProxy;
			containerPortal = 0867D690FE84028FC02AAC07 /* Project object */;
			proxyType = 1;
			remoteGlobalIDString = 8DC2EF4F0486A6940098B216;
			remoteInfo = UnitKit;
		};
		AE70B65C05F7101600D56367 /* PBXContainerItemProxy */ = {
			isa = PBXContainerItemProxy;
			containerPortal = 0867D690FE84028FC02AAC07 /* Project object */;
			proxyType = 1;
			remoteGlobalIDString = AE70B65305F7100400D56367;
			remoteInfo = UKTestBundle1;
		};
		AE923B3805C3B1E900549058 /* PBXContainerItemProxy */ = {
			isa = PBXContainerItemProxy;
			containerPortal = 0867D690FE84028FC02AAC07 /* Project object */;
			proxyType = 1;
			remoteGlobalIDString = 8DC2EF4F0486A6940098B216;
			remoteInfo = UnitKit;
		};
		AE923B3A05C3B1ED00549058 /* PBXContainerItemProxy */ = {
			isa = PBXContainerItemProxy;
			containerPortal = 0867D690FE84028FC02AAC07 /* Project object */;
			proxyType = 1;
			remoteGlobalIDString = 8DC2EF4F0486A6940098B216;
			remoteInfo = UnitKit;
		};
		AE923B3C05C3B1F300549058 /* PBXContainerItemProxy */ = {
			isa = PBXContainerItemProxy;
			containerPortal = 0867D690FE84028FC02AAC07 /* Project object */;
			proxyType = 1;
			remoteGlobalIDString = AE923B2B05C3B1CE00549058;
			remoteInfo = ukrun;
		};
		AEBED02B06AFAE9E00451E26 /* PBXContainerItemProxy */ = {
			isa = PBXContainerItemProxy;
			containerPortal = 0867D690FE84028FC02AAC07 /* Project object */;
			proxyType = 1;
			remoteGlobalIDString = AEBED01806AFADB000451E26;
			remoteInfo = TestEmbeddedFramework;
		};
/* End PBXContainerItemProxy section */

/* Begin PBXCopyFilesBuildPhase section */
		60B98EEF1805609900D1FFFF /* CopyFiles */ = {
			isa = PBXCopyFilesBuildPhase;
			buildActionMask = 8;
			dstPath = "/Library/Application Support/Developer/Shared/Xcode/File Templates/Cocoa/Objective-C UnitKit class.pbfiletemplate";
			dstSubfolderSpec = 0;
			files = (
				60B98EF1180560BA00D1FFFF /* class.h in CopyFiles */,
				60B98EF2180560BA00D1FFFF /* class.m in CopyFiles */,
				60B98EF3180560BA00D1FFFF /* TemplateInfo.plist in CopyFiles */,
			);
			runOnlyForDeploymentPostprocessing = 1;
		};
		60B98EF4180560E300D1FFFF /* CopyFiles */ = {
			isa = PBXCopyFilesBuildPhase;
			buildActionMask = 8;
			dstPath = "/Library/Application Support/Developer/Shared/Xcode/Target Templates/Cocoa";
			dstSubfolderSpec = 0;
			files = (
				60B98EF5180560E700D1FFFF /* UnitKitBundle.trgttmpl in CopyFiles */,
			);
			runOnlyForDeploymentPostprocessing = 1;
		};
		60B98EF61805611700D1FFFF /* CopyFiles */ = {
			isa = PBXCopyFilesBuildPhase;
			buildActionMask = 8;
			dstPath = "/Library/Developer/Xcode/Templates/Project Templates/Mac/Other";
			dstSubfolderSpec = 0;
			files = (
				60B98EF71805611E00D1FFFF /* UnitKit Testing Bundle.xctemplate in CopyFiles */,
			);
			runOnlyForDeploymentPostprocessing = 1;
		};
		60B98EF81805665800D1FFFF /* CopyFiles */ = {
			isa = PBXCopyFilesBuildPhase;
			buildActionMask = 8;
			dstPath = "/Library/Developer/Xcode/Templates/File Templates/Cocoa";
			dstSubfolderSpec = 0;
			files = (
				60B98EF91805665B00D1FFFF /* Objective-C UnitKit test case class.xctemplate in CopyFiles */,
			);
			runOnlyForDeploymentPostprocessing = 1;
		};
/* End PBXCopyFilesBuildPhase section */

/* Begin PBXFileReference section */
		03BC00BC0DEE32AD009AFC82 /* Icon-Pass.tiff */ = {isa = PBXFileReference; lastKnownFileType = image.tiff; path = "Icon-Pass.tiff"; sourceTree = "<group>"; };
		03BC00BD0DEE32AD009AFC82 /* Icon-Fail.tiff */ = {isa = PBXFileReference; lastKnownFileType = image.tiff; path = "Icon-Fail.tiff"; sourceTree = "<group>"; };
		32DBCF5E0370ADEE00C91783 /* Info.plist */ = {isa = PBXFileReference; fileEncoding = 4; lastKnownFileType = text.plist.xml; path = Info.plist; sourceTree = "<group>"; };
		600CE53109F2474F008BA30D /* AppKit.framework */ = {isa = PBXFileReference; lastKnownFileType = wrapper.framework; name = AppKit.framework; path = /System/Library/Frameworks/AppKit.framework; sourceTree = "<absolute>"; };
		60B98EE318055DD000D1FFFF /* Objective-C UnitKit test case class.xctemplate */ = {isa = PBXFileReference; lastKnownFileType = folder; name = "Objective-C UnitKit test case class.xctemplate"; path = "XcodeIntegration/File Templates/Cocoa/Objective-C UnitKit test case class.xctemplate"; sourceTree = "<group>"; };
		60B98EE418055E0500D1FFFF /* UnitKit Testing Bundle.xctemplate */ = {isa = PBXFileReference; lastKnownFileType = folder; name = "UnitKit Testing Bundle.xctemplate"; path = "XcodeIntegration/Project Templates/Mac/Other/UnitKit Testing Bundle.xctemplate"; sourceTree = "<group>"; };
		60FBE0B709FAEA9700F734E1 /* ChangeLog */ = {isa = PBXFileReference; fileEncoding = 4; lastKnownFileType = text; name = ChangeLog; path = ../ChangeLog; sourceTree = SOURCE_ROOT; };
		8DC2EF5B0486A6940098B216 /* UnitKit.framework */ = {isa = PBXFileReference; explicitFileType = wrapper.framework; includeInIndex = 0; path = UnitKit.framework; sourceTree = BUILT_PRODUCTS_DIR; };
		AE39C80605FBFF7F0011F066 /* UKTaskTests.h */ = {isa = PBXFileReference; fileEncoding = 4; lastKnownFileType = sourcecode.c.h; name = UKTaskTests.h; path = UnitKitTests/UKTaskTests.h; sourceTree = "<group>"; usesTabs = 0; };
		AE39C80705FBFF7F0011F066 /* UKTaskTests.m */ = {isa = PBXFileReference; fileEncoding = 4; lastKnownFileType = sourcecode.c.objc; name = UKTaskTests.m; path = UnitKitTests/UKTaskTests.m; sourceTree = "<group>"; usesTabs = 0; };
		AE55498A06C5ACDC005FF2F3 /* Foundation.framework */ = {isa = PBXFileReference; lastKnownFileType = wrapper.framework; name = Foundation.framework; path = /System/Library/Frameworks/Foundation.framework; sourceTree = "<absolute>"; };
		AE613E6705F181AE009B020F /* UKTestHandler.h */ = {isa = PBXFileReference; fileEncoding = 4; lastKnownFileType = sourcecode.c.h; path = UKTestHandler.h; sourceTree = "<group>"; usesTabs = 0; };
		AE613E6805F181AE009B020F /* UKTestHandler.m */ = {isa = PBXFileReference; fileEncoding = 4; lastKnownFileType = sourcecode.c.objc; path = UKTestHandler.m; sourceTree = "<group>"; usesTabs = 0; };
		AE702C3705FEC7920049C79F /* UKTestMessages.h */ = {isa = PBXFileReference; fileEncoding = 4; lastKnownFileType = sourcecode.c.h; name = UKTestMessages.h; path = UnitKitTests/UKTestMessages.h; sourceTree = "<group>"; usesTabs = 0; };
		AE702C3805FEC7920049C79F /* UKTestMessages.m */ = {isa = PBXFileReference; fileEncoding = 4; lastKnownFileType = sourcecode.c.objc; name = UKTestMessages.m; path = UnitKitTests/UKTestMessages.m; sourceTree = "<group>"; usesTabs = 0; };
		AE702CC905FED1060049C79F /* UKRunnerTests.h */ = {isa = PBXFileReference; fileEncoding = 4; lastKnownFileType = sourcecode.c.h; name = UKRunnerTests.h; path = UnitKitTests/UKRunnerTests.h; sourceTree = "<group>"; usesTabs = 0; };
		AE702CCA05FED1060049C79F /* UKRunnerTests.m */ = {isa = PBXFileReference; fileEncoding = 4; lastKnownFileType = sourcecode.c.objc; name = UKRunnerTests.m; path = UnitKitTests/UKRunnerTests.m; sourceTree = "<group>"; usesTabs = 0; };
		AE70B65405F7100400D56367 /* TestBundle.bundle */ = {isa = PBXFileReference; explicitFileType = wrapper.cfbundle; includeInIndex = 0; path = TestBundle.bundle; sourceTree = BUILT_PRODUCTS_DIR; };
		AE70B65505F7100400D56367 /* Info.plist */ = {isa = PBXFileReference; lastKnownFileType = text.plist.xml; name = Info.plist; path = ../../TestSource/TestBundle/Info.plist; sourceTree = "<group>"; };
		AE70B66405F71D5500D56367 /* TestOne.h */ = {isa = PBXFileReference; fileEncoding = 4; lastKnownFileType = sourcecode.c.h; name = TestOne.h; path = ../../TestSource/TestBundle/TestOne.h; sourceTree = "<group>"; usesTabs = 0; };
		AE70B66505F71D5500D56367 /* TestOne.m */ = {isa = PBXFileReference; fileEncoding = 4; lastKnownFileType = sourcecode.c.objc; name = TestOne.m; path = ../../TestSource/TestBundle/TestOne.m; sourceTree = "<group>"; usesTabs = 0; };
		AE70B66E05F71E3F00D56367 /* Prefix.h */ = {isa = PBXFileReference; fileEncoding = 30; lastKnownFileType = sourcecode.c.h; path = Prefix.h; sourceTree = SOURCE_ROOT; };
		AE70B72305F73A1F00D56367 /* TestTwo.h */ = {isa = PBXFileReference; fileEncoding = 4; lastKnownFileType = sourcecode.c.h; name = TestTwo.h; path = ../../TestSource/TestBundle/TestTwo.h; sourceTree = "<group>"; usesTabs = 0; };
		AE70B72405F73A1F00D56367 /* TestTwo.m */ = {isa = PBXFileReference; fileEncoding = 4; lastKnownFileType = sourcecode.c.objc; name = TestTwo.m; path = ../../TestSource/TestBundle/TestTwo.m; sourceTree = "<group>"; usesTabs = 0; };
		AE70B72905F73A3F00D56367 /* TestThree.h */ = {isa = PBXFileReference; fileEncoding = 4; lastKnownFileType = sourcecode.c.h; name = TestThree.h; path = ../../TestSource/TestBundle/TestThree.h; sourceTree = "<group>"; usesTabs = 0; };
		AE70B72A05F73A3F00D56367 /* TestThree.m */ = {isa = PBXFileReference; fileEncoding = 4; lastKnownFileType = sourcecode.c.objc; name = TestThree.m; path = ../../TestSource/TestBundle/TestThree.m; sourceTree = "<group>"; usesTabs = 0; };
		AE73F21F05F1573200CAFD4D /* UKTest.h */ = {isa = PBXFileReference; fileEncoding = 4; lastKnownFileType = sourcecode.c.h; path = UKTest.h; sourceTree = "<group>"; usesTabs = 0; };
		AE8CCF680680B539008CA594 /* class.h */ = {isa = PBXFileReference; fileEncoding = 4; lastKnownFileType = sourcecode.c.h; name = class.h; path = Xcode3Integration/FileTemplates/class.h; sourceTree = "<group>"; usesTabs = 0; };
		AE8CCF690680B539008CA594 /* class.m */ = {isa = PBXFileReference; fileEncoding = 4; lastKnownFileType = sourcecode.c.objc; name = class.m; path = Xcode3Integration/FileTemplates/class.m; sourceTree = "<group>"; usesTabs = 0; };
		AE8CCF6A0680B539008CA594 /* TemplateInfo.plist */ = {isa = PBXFileReference; fileEncoding = 30; lastKnownFileType = text.plist.xml; name = TemplateInfo.plist; path = Xcode3Integration/FileTemplates/TemplateInfo.plist; sourceTree = "<group>"; };
		AE8CCF780680B56F008CA594 /* UnitKitBundle.trgttmpl */ = {isa = PBXFileReference; fileEncoding = 30; lastKnownFileType = text; name = UnitKitBundle.trgttmpl; path = Xcode3Integration/TargetTemplates/UnitKitBundle.trgttmpl; sourceTree = "<group>"; };
		AE923B2C05C3B1CE00549058 /* ukrun */ = {isa = PBXFileReference; explicitFileType = "compiled.mach-o.executable"; includeInIndex = 0; path = ukrun; sourceTree = BUILT_PRODUCTS_DIR; };
		AE923B3605C3B1DF00549058 /* UnitKitTests.bundle */ = {isa = PBXFileReference; explicitFileType = wrapper.cfbundle; includeInIndex = 0; path = UnitKitTests.bundle; sourceTree = BUILT_PRODUCTS_DIR; };
		AE923B3705C3B1DF00549058 /* Info.plist */ = {isa = PBXFileReference; lastKnownFileType = text.plist.xml; name = Info.plist; path = UnitKitTests/Info.plist; sourceTree = "<group>"; };
		AE923B6D05C3B57600549058 /* UnitKit.h */ = {isa = PBXFileReference; fileEncoding = 4; lastKnownFileType = sourcecode.c.h; name = UnitKit.h; path = FrameworkSource/UnitKit.h; sourceTree = "<group>"; };
		AE923B7005C3B62B00549058 /* English */ = {isa = PBXFileReference; fileEncoding = 4; lastKnownFileType = text.plist.strings; lineEnding = 0; name = English; path = English.lproj/InfoPlist.strings; sourceTree = "<group>"; };
		AE923D8505C3B90100549058 /* main.m */ = {isa = PBXFileReference; fileEncoding = 4; lastKnownFileType = sourcecode.c.objc; path = main.m; sourceTree = "<group>"; usesTabs = 0; };
		AE923D8905C3B9EC00549058 /* UKRunner.h */ = {isa = PBXFileReference; fileEncoding = 4; lastKnownFileType = sourcecode.c.h; path = UKRunner.h; sourceTree = "<group>"; usesTabs = 0; };
		AE923D8A05C3B9EC00549058 /* UKRunner.m */ = {isa = PBXFileReference; fileEncoding = 4; lastKnownFileType = sourcecode.c.objc; path = UKRunner.m; sourceTree = "<group>"; usesTabs = 0; };
		AEA6373D06D16EAE004DF854 /* README.txt */ = {isa = PBXFileReference; fileEncoding = 30; lastKnownFileType = text; name = README.txt; path = ../README.txt; sourceTree = "<group>"; };
		AEBED01906AFADB000451E26 /* TestFramework.framework */ = {isa = PBXFileReference; explicitFileType = wrapper.framework; includeInIndex = 0; path = TestFramework.framework; sourceTree = BUILT_PRODUCTS_DIR; };
		AEBED01A06AFADB000451E26 /* Info.plist */ = {isa = PBXFileReference; lastKnownFileType = text.plist.xml; name = Info.plist; path = TestSource/TestFramework/Info.plist; sourceTree = SOURCE_ROOT; };
		AEBED02706AFAE7800451E26 /* TestClass.h */ = {isa = PBXFileReference; fileEncoding = 4; lastKnownFileType = sourcecode.c.h; name = TestClass.h; path = ../../TestSource/TestFramework/TestClass.h; sourceTree = "<group>"; usesTabs = 0; };
		AEBED02806AFAE7800451E26 /* TestClass.m */ = {isa = PBXFileReference; fileEncoding = 4; lastKnownFileType = sourcecode.c.objc; name = TestClass.m; path = ../../TestSource/TestFramework/TestClass.m; sourceTree = "<group>"; usesTabs = 0; };
		AEBED04C06AFB1AB00451E26 /* UKTestFramework.h */ = {isa = PBXFileReference; fileEncoding = 4; lastKnownFileType = sourcecode.c.h; name = UKTestFramework.h; path = UnitKitTests/UKTestFramework.h; sourceTree = "<group>"; usesTabs = 0; };
		AEBED04D06AFB1AC00451E26 /* UKTestFramework.m */ = {isa = PBXFileReference; fileEncoding = 4; lastKnownFileType = sourcecode.c.objc; name = UKTestFramework.m; path = UnitKitTests/UKTestFramework.m; sourceTree = "<group>"; usesTabs = 0; };
		AEBED16806B0603600451E26 /* NOTICE */ = {isa = PBXFileReference; fileEncoding = 30; lastKnownFileType = text; name = NOTICE; path = ../NOTICE; sourceTree = "<group>"; };
		AEBEF4B605FAF2910020FB35 /* UKTestMacros.h */ = {isa = PBXFileReference; fileEncoding = 4; lastKnownFileType = sourcecode.c.h; name = UKTestMacros.h; path = UnitKitTests/UKTestMacros.h; sourceTree = "<group>"; usesTabs = 0; };
		AEBEF4B705FAF2910020FB35 /* UKTestMacros.m */ = {isa = PBXFileReference; fileEncoding = 4; lastKnownFileType = sourcecode.c.objc; name = UKTestMacros.m; path = UnitKitTests/UKTestMacros.m; sourceTree = "<group>"; usesTabs = 0; };
		AEBEF55A05FBEFD10020FB35 /* UKTestLineNumbers.h */ = {isa = PBXFileReference; fileEncoding = 4; lastKnownFileType = sourcecode.c.h; name = UKTestLineNumbers.h; path = UnitKitTests/UKTestLineNumbers.h; sourceTree = "<group>"; usesTabs = 0; };
		AEBEF55B05FBEFD10020FB35 /* UKTestLineNumbers.m */ = {isa = PBXFileReference; fileEncoding = 4; lastKnownFileType = sourcecode.c.objc; name = UKTestLineNumbers.m; path = UnitKitTests/UKTestLineNumbers.m; sourceTree = "<group>"; usesTabs = 0; };
		AEBEF56305FBF8010020FB35 /* UKTestFileNames.h */ = {isa = PBXFileReference; fileEncoding = 4; lastKnownFileType = sourcecode.c.h; name = UKTestFileNames.h; path = UnitKitTests/UKTestFileNames.h; sourceTree = "<group>"; usesTabs = 0; };
		AEBEF56405FBF8010020FB35 /* UKTestFileNames.m */ = {isa = PBXFileReference; fileEncoding = 4; lastKnownFileType = sourcecode.c.objc; name = UKTestFileNames.m; path = UnitKitTests/UKTestFileNames.m; sourceTree = "<group>"; usesTabs = 0; };
		AEEB74D006B1BEFD00BE53E8 /* LICENSE */ = {isa = PBXFileReference; fileEncoding = 4; lastKnownFileType = text; name = LICENSE; path = ../LICENSE; sourceTree = "<group>"; };
		AEF570CD05F6E94700FB3F0B /* UKTask.h */ = {isa = PBXFileReference; fileEncoding = 4; lastKnownFileType = sourcecode.c.h; path = UKTask.h; sourceTree = "<group>"; usesTabs = 0; };
		AEF570CE05F6E94700FB3F0B /* UKTask.m */ = {isa = PBXFileReference; fileEncoding = 4; lastKnownFileType = sourcecode.c.objc; path = UKTask.m; sourceTree = "<group>"; usesTabs = 0; };
		AEFFFA67060140E50002576C /* English */ = {isa = PBXFileReference; fileEncoding = 4; lastKnownFileType = text.plist.strings; name = English; path = English.lproj/UKTestHandler.strings; sourceTree = "<group>"; };
/* End PBXFileReference section */

/* Begin PBXFrameworksBuildPhase section */
		8DC2EF560486A6940098B216 /* Frameworks */ = {
			isa = PBXFrameworksBuildPhase;
			buildActionMask = 2147483647;
			files = (
				AE55498B06C5ACDC005FF2F3 /* Foundation.framework in Frameworks */,
				600CE53209F2474F008BA30D /* AppKit.framework in Frameworks */,
			);
			runOnlyForDeploymentPostprocessing = 0;
		};
		AE70B65205F7100400D56367 /* Frameworks */ = {
			isa = PBXFrameworksBuildPhase;
			buildActionMask = 2147483647;
			files = (
				AE70B66B05F71D8B00D56367 /* UnitKit.framework in Frameworks */,
				AE55498E06C5ACDC005FF2F3 /* Foundation.framework in Frameworks */,
				600CE53409F2474F008BA30D /* AppKit.framework in Frameworks */,
			);
			runOnlyForDeploymentPostprocessing = 0;
		};
		AE923B2A05C3B1CE00549058 /* Frameworks */ = {
			isa = PBXFrameworksBuildPhase;
			buildActionMask = 2147483647;
			files = (
				AE923B6405C3B44600549058 /* UnitKit.framework in Frameworks */,
				AE55498C06C5ACDC005FF2F3 /* Foundation.framework in Frameworks */,
			);
			runOnlyForDeploymentPostprocessing = 0;
		};
		AE923B3405C3B1DF00549058 /* Frameworks */ = {
			isa = PBXFrameworksBuildPhase;
			buildActionMask = 2147483647;
			files = (
				AE923B6505C3B44C00549058 /* UnitKit.framework in Frameworks */,
				AE55498D06C5ACDC005FF2F3 /* Foundation.framework in Frameworks */,
				AE390EF10724F2530036A22B /* TestFramework.framework in Frameworks */,
				600CE53509F2474F008BA30D /* AppKit.framework in Frameworks */,
			);
			runOnlyForDeploymentPostprocessing = 0;
		};
		AEBED01706AFADB000451E26 /* Frameworks */ = {
			isa = PBXFrameworksBuildPhase;
			buildActionMask = 2147483647;
			files = (
				AE55498F06C5ACDC005FF2F3 /* Foundation.framework in Frameworks */,
				600CE53309F2474F008BA30D /* AppKit.framework in Frameworks */,
			);
			runOnlyForDeploymentPostprocessing = 0;
		};
/* End PBXFrameworksBuildPhase section */

/* Begin PBXGroup section */
		034768DFFF38A50411DB9C8B /* Products */ = {
			isa = PBXGroup;
			children = (
				8DC2EF5B0486A6940098B216 /* UnitKit.framework */,
				AE923B2C05C3B1CE00549058 /* ukrun */,
				AE923B3605C3B1DF00549058 /* UnitKitTests.bundle */,
				AE70B65405F7100400D56367 /* TestBundle.bundle */,
				AEBED01906AFADB000451E26 /* TestFramework.framework */,
			);
			name = Products;
			sourceTree = "<group>";
		};
		0867D691FE84028FC02AAC07 /* UnitKit */ = {
			isa = PBXGroup;
			children = (
				60FBE0B709FAEA9700F734E1 /* ChangeLog */,
				AEA6373D06D16EAE004DF854 /* README.txt */,
				AEEB74D006B1BEFD00BE53E8 /* LICENSE */,
				AEBED16806B0603600451E26 /* NOTICE */,
				AE923B6D05C3B57600549058 /* UnitKit.h */,
				AE70B66E05F71E3F00D56367 /* Prefix.h */,
				AE923A0F05C3B11600549058 /* FrameworkSource */,
				AE923B5B05C3B3A900549058 /* ToolSource */,
				AE923B4E05C3B33400549058 /* TestSource */,
				AE70B65E05F71D3900D56367 /* TestBundle */,
				AEBED01E06AFADBE00451E26 /* TestFramework */,
				AE8CCDFB0680B4C1008CA594 /* Xcode 3 Integration */,
				60B98EE0180559BE00D1FFFF /* Xcode Integration */,
				0867D69AFE84028FC02AAC07 /* External Frameworks and Libraries */,
				034768DFFF38A50411DB9C8B /* Products */,
			);
			name = UnitKit;
			sourceTree = "<group>";
		};
		0867D69AFE84028FC02AAC07 /* External Frameworks and Libraries */ = {
			isa = PBXGroup;
			children = (
				600CE53109F2474F008BA30D /* AppKit.framework */,
				AE55498A06C5ACDC005FF2F3 /* Foundation.framework */,
			);
			name = "External Frameworks and Libraries";
			sourceTree = "<group>";
		};
		60B98EE0180559BE00D1FFFF /* Xcode Integration */ = {
			isa = PBXGroup;
			children = (
				60B98EE1180559D100D1FFFF /* Project Templates */,
				60B98EE2180559DD00D1FFFF /* File Templates */,
			);
			name = "Xcode Integration";
			sourceTree = "<group>";
		};
		60B98EE1180559D100D1FFFF /* Project Templates */ = {
			isa = PBXGroup;
			children = (
				60B98EE418055E0500D1FFFF /* UnitKit Testing Bundle.xctemplate */,
			);
			name = "Project Templates";
			sourceTree = "<group>";
		};
		60B98EE2180559DD00D1FFFF /* File Templates */ = {
			isa = PBXGroup;
			children = (
				60B98EE318055DD000D1FFFF /* Objective-C UnitKit test case class.xctemplate */,
			);
			name = "File Templates";
			sourceTree = "<group>";
		};
		AE70B65E05F71D3900D56367 /* TestBundle */ = {
			isa = PBXGroup;
			children = (
				AE70B66405F71D5500D56367 /* TestOne.h */,
				AE70B66505F71D5500D56367 /* TestOne.m */,
				AE70B72305F73A1F00D56367 /* TestTwo.h */,
				AE70B72405F73A1F00D56367 /* TestTwo.m */,
				AE70B72905F73A3F00D56367 /* TestThree.h */,
				AE70B72A05F73A3F00D56367 /* TestThree.m */,
				AE70B65505F7100400D56367 /* Info.plist */,
			);
			name = TestBundle;
			path = TestSource/TestBundle;
			sourceTree = "<group>";
		};
		AE8CCDFB0680B4C1008CA594 /* Xcode 3 Integration */ = {
			isa = PBXGroup;
			children = (
				AE8CCE010680B4E6008CA594 /* Target Templates */,
				AE8CCDFE0680B4D9008CA594 /* File Templates */,
			);
			name = "Xcode 3 Integration";
			sourceTree = "<group>";
		};
		AE8CCDFE0680B4D9008CA594 /* File Templates */ = {
			isa = PBXGroup;
			children = (
				AE8CCF680680B539008CA594 /* class.h */,
				AE8CCF690680B539008CA594 /* class.m */,
				AE8CCF6A0680B539008CA594 /* TemplateInfo.plist */,
			);
			name = "File Templates";
			sourceTree = "<group>";
		};
		AE8CCE010680B4E6008CA594 /* Target Templates */ = {
			isa = PBXGroup;
			children = (
				AE8CCF780680B56F008CA594 /* UnitKitBundle.trgttmpl */,
			);
			name = "Target Templates";
			sourceTree = "<group>";
		};
		AE923A0F05C3B11600549058 /* FrameworkSource */ = {
			isa = PBXGroup;
			children = (
				03BC00BC0DEE32AD009AFC82 /* Icon-Pass.tiff */,
				03BC00BD0DEE32AD009AFC82 /* Icon-Fail.tiff */,
				AE73F21F05F1573200CAFD4D /* UKTest.h */,
				AE613E6705F181AE009B020F /* UKTestHandler.h */,
				AE613E6805F181AE009B020F /* UKTestHandler.m */,
				AEFFFA70060140EB0002576C /* UKTestHandler.strings */,
				AE923D8905C3B9EC00549058 /* UKRunner.h */,
				AE923D8A05C3B9EC00549058 /* UKRunner.m */,
				AEF570CD05F6E94700FB3F0B /* UKTask.h */,
				AEF570CE05F6E94700FB3F0B /* UKTask.m */,
				32DBCF5E0370ADEE00C91783 /* Info.plist */,
				AE923B6F05C3B62B00549058 /* InfoPlist.strings */,
			);
			path = FrameworkSource;
			sourceTree = "<group>";
		};
		AE923B4E05C3B33400549058 /* TestSource */ = {
			isa = PBXGroup;
			children = (
				AE923B3705C3B1DF00549058 /* Info.plist */,
				AE702CC905FED1060049C79F /* UKRunnerTests.h */,
				AE702CCA05FED1060049C79F /* UKRunnerTests.m */,
				AEBEF4B605FAF2910020FB35 /* UKTestMacros.h */,
				AEBEF4B705FAF2910020FB35 /* UKTestMacros.m */,
				AEBEF55A05FBEFD10020FB35 /* UKTestLineNumbers.h */,
				AEBEF55B05FBEFD10020FB35 /* UKTestLineNumbers.m */,
				AEBEF56305FBF8010020FB35 /* UKTestFileNames.h */,
				AEBEF56405FBF8010020FB35 /* UKTestFileNames.m */,
				AE702C3705FEC7920049C79F /* UKTestMessages.h */,
				AE702C3805FEC7920049C79F /* UKTestMessages.m */,
				AE39C80605FBFF7F0011F066 /* UKTaskTests.h */,
				AE39C80705FBFF7F0011F066 /* UKTaskTests.m */,
				AEBED04C06AFB1AB00451E26 /* UKTestFramework.h */,
				AEBED04D06AFB1AC00451E26 /* UKTestFramework.m */,
			);
			path = TestSource;
			sourceTree = "<group>";
		};
		AE923B5B05C3B3A900549058 /* ToolSource */ = {
			isa = PBXGroup;
			children = (
				AE923D8505C3B90100549058 /* main.m */,
			);
			path = ToolSource;
			sourceTree = "<group>";
		};
		AEBED01E06AFADBE00451E26 /* TestFramework */ = {
			isa = PBXGroup;
			children = (
				AEBED02706AFAE7800451E26 /* TestClass.h */,
				AEBED02806AFAE7800451E26 /* TestClass.m */,
				AEBED01A06AFADB000451E26 /* Info.plist */,
			);
			name = TestFramework;
			path = TestSource/TestFramework;
			sourceTree = "<group>";
		};
/* End PBXGroup section */

/* Begin PBXHeadersBuildPhase section */
		8DC2EF500486A6940098B216 /* Headers */ = {
			isa = PBXHeadersBuildPhase;
			buildActionMask = 2147483647;
			files = (
				AE923B6E05C3B57600549058 /* UnitKit.h in Headers */,
				AE923D8B05C3B9EC00549058 /* UKRunner.h in Headers */,
				AE73F22105F1573200CAFD4D /* UKTest.h in Headers */,
				AE613E6905F181AE009B020F /* UKTestHandler.h in Headers */,
				AE70B67005F71E3F00D56367 /* Prefix.h in Headers */,
			);
			runOnlyForDeploymentPostprocessing = 0;
		};
		AE70B64E05F7100400D56367 /* Headers */ = {
			isa = PBXHeadersBuildPhase;
			buildActionMask = 2147483647;
			files = (
				AE70B66605F71D5500D56367 /* TestOne.h in Headers */,
				AE70B66F05F71E3F00D56367 /* Prefix.h in Headers */,
				AE70B72505F73A1F00D56367 /* TestTwo.h in Headers */,
				AE70B72B05F73A3F00D56367 /* TestThree.h in Headers */,
			);
			runOnlyForDeploymentPostprocessing = 0;
		};
		AE923B2805C3B1CE00549058 /* Headers */ = {
			isa = PBXHeadersBuildPhase;
			buildActionMask = 2147483647;
			files = (
				AE70B67105F71E3F00D56367 /* Prefix.h in Headers */,
			);
			runOnlyForDeploymentPostprocessing = 0;
		};
		AE923B3005C3B1DF00549058 /* Headers */ = {
			isa = PBXHeadersBuildPhase;
			buildActionMask = 2147483647;
			files = (
				AE70B67205F71E3F00D56367 /* Prefix.h in Headers */,
				AEBEF4B805FAF2910020FB35 /* UKTestMacros.h in Headers */,
				AEBEF55C05FBEFD10020FB35 /* UKTestLineNumbers.h in Headers */,
				AEBEF56505FBF8010020FB35 /* UKTestFileNames.h in Headers */,
				AE702C3905FEC7920049C79F /* UKTestMessages.h in Headers */,
				AE702CCB05FED1060049C79F /* UKRunnerTests.h in Headers */,
				AEBED0E106B0589C00451E26 /* UKTestFramework.h in Headers */,
			);
			runOnlyForDeploymentPostprocessing = 0;
		};
		AEBED01406AFADB000451E26 /* Headers */ = {
			isa = PBXHeadersBuildPhase;
			buildActionMask = 2147483647;
			files = (
				AEBED02906AFAE7800451E26 /* TestClass.h in Headers */,
			);
			runOnlyForDeploymentPostprocessing = 0;
		};
/* End PBXHeadersBuildPhase section */

/* Begin PBXNativeTarget section */
		8DC2EF4F0486A6940098B216 /* UnitKit */ = {
			isa = PBXNativeTarget;
			buildConfigurationList = 600CE4F409F24490008BA30D /* Build configuration list for PBXNativeTarget "UnitKit" */;
			buildPhases = (
				8DC2EF500486A6940098B216 /* Headers */,
				8DC2EF520486A6940098B216 /* Resources */,
				8DC2EF540486A6940098B216 /* Sources */,
				8DC2EF560486A6940098B216 /* Frameworks */,
				8DC2EF580486A6940098B216 /* Rez */,
			);
			buildRules = (
			);
			dependencies = (
			);
			name = UnitKit;
			productInstallPath = "$(HOME)/Library/Frameworks";
			productName = UnitKit;
			productReference = 8DC2EF5B0486A6940098B216 /* UnitKit.framework */;
			productType = "com.apple.product-type.framework";
		};
		AE70B65305F7100400D56367 /* TestBundle */ = {
			isa = PBXNativeTarget;
			buildConfigurationList = 600CE50009F24490008BA30D /* Build configuration list for PBXNativeTarget "TestBundle" */;
			buildPhases = (
				AE70B64E05F7100400D56367 /* Headers */,
				AE70B64F05F7100400D56367 /* Resources */,
				AE70B65005F7100400D56367 /* Sources */,
				AE70B65105F7100400D56367 /* Rez */,
				AE70B65205F7100400D56367 /* Frameworks */,
			);
			buildRules = (
			);
			dependencies = (
				AE70B65705F7100E00D56367 /* PBXTargetDependency */,
			);
			name = TestBundle;
			productName = UKTestBundle1;
			productReference = AE70B65405F7100400D56367 /* TestBundle.bundle */;
			productType = "com.apple.product-type.bundle";
		};
		AE923B2B05C3B1CE00549058 /* ukrun */ = {
			isa = PBXNativeTarget;
			buildConfigurationList = 600CE4FC09F24490008BA30D /* Build configuration list for PBXNativeTarget "ukrun" */;
			buildPhases = (
				AE923B2805C3B1CE00549058 /* Headers */,
				AE923B2905C3B1CE00549058 /* Sources */,
				AE923B2A05C3B1CE00549058 /* Frameworks */,
				60B98EEF1805609900D1FFFF /* CopyFiles */,
				60B98EF4180560E300D1FFFF /* CopyFiles */,
				60B98EF61805611700D1FFFF /* CopyFiles */,
				60B98EF81805665800D1FFFF /* CopyFiles */,
			);
			buildRules = (
			);
			dependencies = (
				AE923B3905C3B1E900549058 /* PBXTargetDependency */,
			);
			name = ukrun;
			productName = ukrun;
			productReference = AE923B2C05C3B1CE00549058 /* ukrun */;
			productType = "com.apple.product-type.tool";
		};
		AE923B3505C3B1DF00549058 /* UnitKitTests */ = {
			isa = PBXNativeTarget;
			buildConfigurationList = 600CE50809F24490008BA30D /* Build configuration list for PBXNativeTarget "UnitKitTests" */;
			buildPhases = (
				AE923B3005C3B1DF00549058 /* Headers */,
				AE923B3105C3B1DF00549058 /* Resources */,
				AE923B3205C3B1DF00549058 /* Sources */,
				AE923B3305C3B1DF00549058 /* Rez */,
				AE923B3405C3B1DF00549058 /* Frameworks */,
				AE43DAFC05C4DC7C00B9DFA5 /* ShellScript */,
			);
			buildRules = (
			);
			dependencies = (
				AE923B3B05C3B1ED00549058 /* PBXTargetDependency */,
				AE923B3D05C3B1F300549058 /* PBXTargetDependency */,
				AE70B65D05F7101600D56367 /* PBXTargetDependency */,
				AEBED02C06AFAE9E00451E26 /* PBXTargetDependency */,
			);
			name = UnitKitTests;
			productName = UnitKitTests;
			productReference = AE923B3605C3B1DF00549058 /* UnitKitTests.bundle */;
			productType = "com.apple.product-type.bundle";
		};
		AEBED01806AFADB000451E26 /* TestFramework */ = {
			isa = PBXNativeTarget;
			buildConfigurationList = 600CE50409F24490008BA30D /* Build configuration list for PBXNativeTarget "TestFramework" */;
			buildPhases = (
				AEBED01406AFADB000451E26 /* Headers */,
				AEBED01506AFADB000451E26 /* Resources */,
				AEBED01606AFADB000451E26 /* Sources */,
				AEBED01706AFADB000451E26 /* Frameworks */,
			);
			buildRules = (
			);
			dependencies = (
			);
			name = TestFramework;
			productName = TestEmbeddedFramework;
			productReference = AEBED01906AFADB000451E26 /* TestFramework.framework */;
			productType = "com.apple.product-type.framework";
		};
/* End PBXNativeTarget section */

/* Begin PBXProject section */
		0867D690FE84028FC02AAC07 /* Project object */ = {
			isa = PBXProject;
			attributes = {
				LastUpgradeCheck = 0450;
			};
			buildConfigurationList = 600CE50C09F24490008BA30D /* Build configuration list for PBXProject "UnitKit" */;
			compatibilityVersion = "Xcode 3.2";
			developmentRegion = English;
			hasScannedForEncodings = 1;
			knownRegions = (
				English,
				Japanese,
				French,
				German,
			);
			mainGroup = 0867D691FE84028FC02AAC07 /* UnitKit */;
			productRefGroup = 034768DFFF38A50411DB9C8B /* Products */;
			projectDirPath = "";
			projectRoot = "";
			targets = (
				8DC2EF4F0486A6940098B216 /* UnitKit */,
				AE923B2B05C3B1CE00549058 /* ukrun */,
				AE923B3505C3B1DF00549058 /* UnitKitTests */,
				AE70B65305F7100400D56367 /* TestBundle */,
				AEBED01806AFADB000451E26 /* TestFramework */,
			);
		};
/* End PBXProject section */

/* Begin PBXResourcesBuildPhase section */
		8DC2EF520486A6940098B216 /* Resources */ = {
			isa = PBXResourcesBuildPhase;
			buildActionMask = 2147483647;
			files = (
				AE923B7105C3B62B00549058 /* InfoPlist.strings in Resources */,
				AEFFFA71060140EB0002576C /* UKTestHandler.strings in Resources */,
				AEBED16906B0603600451E26 /* NOTICE in Resources */,
				AEEB74D106B1BEFD00BE53E8 /* LICENSE in Resources */,
				03BC00BE0DEE32AD009AFC82 /* Icon-Pass.tiff in Resources */,
				03BC00BF0DEE32AD009AFC82 /* Icon-Fail.tiff in Resources */,
			);
			runOnlyForDeploymentPostprocessing = 0;
		};
		AE70B64F05F7100400D56367 /* Resources */ = {
			isa = PBXResourcesBuildPhase;
			buildActionMask = 2147483647;
			files = (
			);
			runOnlyForDeploymentPostprocessing = 0;
		};
		AE923B3105C3B1DF00549058 /* Resources */ = {
			isa = PBXResourcesBuildPhase;
			buildActionMask = 2147483647;
			files = (
			);
			runOnlyForDeploymentPostprocessing = 0;
		};
		AEBED01506AFADB000451E26 /* Resources */ = {
			isa = PBXResourcesBuildPhase;
			buildActionMask = 2147483647;
			files = (
			);
			runOnlyForDeploymentPostprocessing = 0;
		};
/* End PBXResourcesBuildPhase section */

/* Begin PBXRezBuildPhase section */
		8DC2EF580486A6940098B216 /* Rez */ = {
			isa = PBXRezBuildPhase;
			buildActionMask = 2147483647;
			files = (
			);
			runOnlyForDeploymentPostprocessing = 0;
		};
		AE70B65105F7100400D56367 /* Rez */ = {
			isa = PBXRezBuildPhase;
			buildActionMask = 2147483647;
			files = (
			);
			runOnlyForDeploymentPostprocessing = 0;
		};
		AE923B3305C3B1DF00549058 /* Rez */ = {
			isa = PBXRezBuildPhase;
			buildActionMask = 2147483647;
			files = (
			);
			runOnlyForDeploymentPostprocessing = 0;
		};
/* End PBXRezBuildPhase section */

/* Begin PBXShellScriptBuildPhase section */
		AE43DAFC05C4DC7C00B9DFA5 /* ShellScript */ = {
			isa = PBXShellScriptBuildPhase;
			buildActionMask = 12;
			files = (
			);
			inputPaths = (
			);
			outputPaths = (
			);
			runOnlyForDeploymentPostprocessing = 0;
			shellPath = /bin/bash;
			shellScript = "# export the build dir as the framework path and point\n# at the currently built ukrun so that we test out just\n# what's being built here and not an already installed\n# copy\nexport DYLD_FRAMEWORK_PATH=$LIBRARY_SEARCH_PATHS:$TARGET_BUILD_DIR\n\"$TARGET_BUILD_DIR/ukrun\" \"$TARGET_BUILD_DIR/$PRODUCT_NAME.$WRAPPER_EXTENSION\"";
		};
/* End PBXShellScriptBuildPhase section */

/* Begin PBXSourcesBuildPhase section */
		8DC2EF540486A6940098B216 /* Sources */ = {
			isa = PBXSourcesBuildPhase;
			buildActionMask = 2147483647;
			files = (
				AE923D8C05C3B9EC00549058 /* UKRunner.m in Sources */,
				AE613E6A05F181AE009B020F /* UKTestHandler.m in Sources */,
			);
			runOnlyForDeploymentPostprocessing = 0;
		};
		AE70B65005F7100400D56367 /* Sources */ = {
			isa = PBXSourcesBuildPhase;
			buildActionMask = 2147483647;
			files = (
				AE70B66705F71D5500D56367 /* TestOne.m in Sources */,
				AE70B72605F73A1F00D56367 /* TestTwo.m in Sources */,
				AE70B72C05F73A3F00D56367 /* TestThree.m in Sources */,
			);
			runOnlyForDeploymentPostprocessing = 0;
		};
		AE923B2905C3B1CE00549058 /* Sources */ = {
			isa = PBXSourcesBuildPhase;
			buildActionMask = 2147483647;
			files = (
				AE923D8605C3B90100549058 /* main.m in Sources */,
			);
			runOnlyForDeploymentPostprocessing = 0;
		};
		AE923B3205C3B1DF00549058 /* Sources */ = {
			isa = PBXSourcesBuildPhase;
			buildActionMask = 2147483647;
			files = (
				AEBEF4B905FAF2910020FB35 /* UKTestMacros.m in Sources */,
				AEBEF55D05FBEFD10020FB35 /* UKTestLineNumbers.m in Sources */,
				AEBEF56605FBF8010020FB35 /* UKTestFileNames.m in Sources */,
				AE702C3A05FEC7920049C79F /* UKTestMessages.m in Sources */,
				AE702CCC05FED1060049C79F /* UKRunnerTests.m in Sources */,
				AEBED0E306B058A100451E26 /* UKTestFramework.m in Sources */,
			);
			runOnlyForDeploymentPostprocessing = 0;
		};
		AEBED01606AFADB000451E26 /* Sources */ = {
			isa = PBXSourcesBuildPhase;
			buildActionMask = 2147483647;
			files = (
				AEBED02A06AFAE7800451E26 /* TestClass.m in Sources */,
			);
			runOnlyForDeploymentPostprocessing = 0;
		};
/* End PBXSourcesBuildPhase section */

/* Begin PBXTargetDependency section */
		AE70B65705F7100E00D56367 /* PBXTargetDependency */ = {
			isa = PBXTargetDependency;
			target = 8DC2EF4F0486A6940098B216 /* UnitKit */;
			targetProxy = AE70B65605F7100E00D56367 /* PBXContainerItemProxy */;
		};
		AE70B65D05F7101600D56367 /* PBXTargetDependency */ = {
			isa = PBXTargetDependency;
			target = AE70B65305F7100400D56367 /* TestBundle */;
			targetProxy = AE70B65C05F7101600D56367 /* PBXContainerItemProxy */;
		};
		AE923B3905C3B1E900549058 /* PBXTargetDependency */ = {
			isa = PBXTargetDependency;
			target = 8DC2EF4F0486A6940098B216 /* UnitKit */;
			targetProxy = AE923B3805C3B1E900549058 /* PBXContainerItemProxy */;
		};
		AE923B3B05C3B1ED00549058 /* PBXTargetDependency */ = {
			isa = PBXTargetDependency;
			target = 8DC2EF4F0486A6940098B216 /* UnitKit */;
			targetProxy = AE923B3A05C3B1ED00549058 /* PBXContainerItemProxy */;
		};
		AE923B3D05C3B1F300549058 /* PBXTargetDependency */ = {
			isa = PBXTargetDependency;
			target = AE923B2B05C3B1CE00549058 /* ukrun */;
			targetProxy = AE923B3C05C3B1F300549058 /* PBXContainerItemProxy */;
		};
		AEBED02C06AFAE9E00451E26 /* PBXTargetDependency */ = {
			isa = PBXTargetDependency;
			target = AEBED01806AFADB000451E26 /* TestFramework */;
			targetProxy = AEBED02B06AFAE9E00451E26 /* PBXContainerItemProxy */;
		};
/* End PBXTargetDependency section */

/* Begin PBXVariantGroup section */
		AE923B6F05C3B62B00549058 /* InfoPlist.strings */ = {
			isa = PBXVariantGroup;
			children = (
				AE923B7005C3B62B00549058 /* English */,
			);
			name = InfoPlist.strings;
			sourceTree = "<group>";
		};
		AEFFFA70060140EB0002576C /* UKTestHandler.strings */ = {
			isa = PBXVariantGroup;
			children = (
				AEFFFA67060140E50002576C /* English */,
			);
			name = UKTestHandler.strings;
			sourceTree = "<group>";
		};
/* End PBXVariantGroup section */

/* Begin XCBuildConfiguration section */
		600CE4F509F24490008BA30D /* Debug */ = {
			isa = XCBuildConfiguration;
			buildSettings = {
				COMBINE_HIDPI_IMAGES = YES;
				DYLIB_COMPATIBILITY_VERSION = "";
				DYLIB_CURRENT_VERSION = "";
				FRAMEWORK_VERSION = A;
				INFOPLIST_FILE = FrameworkSource/Info.plist;
				PRODUCT_NAME = UnitKit;
			};
			name = Debug;
		};
		600CE4F609F24490008BA30D /* Release */ = {
			isa = XCBuildConfiguration;
			buildSettings = {
				COMBINE_HIDPI_IMAGES = YES;
				DYLIB_COMPATIBILITY_VERSION = "";
				DYLIB_CURRENT_VERSION = "";
				FRAMEWORK_VERSION = A;
				INFOPLIST_FILE = FrameworkSource/Info.plist;
				PRODUCT_NAME = UnitKit;
			};
			name = Release;
		};
		600CE4FD09F24490008BA30D /* Debug */ = {
			isa = XCBuildConfiguration;
			buildSettings = {
				OTHER_LDFLAGS = (
					"-framework",
					Foundation,
					"-framework",
					AppKit,
				);
				PRODUCT_NAME = ukrun;
			};
			name = Debug;
		};
		600CE4FE09F24490008BA30D /* Release */ = {
			isa = XCBuildConfiguration;
			buildSettings = {
				OTHER_LDFLAGS = (
					"-framework",
					Foundation,
					"-framework",
					AppKit,
				);
				PRODUCT_NAME = ukrun;
			};
			name = Release;
		};
		600CE50109F24490008BA30D /* Debug */ = {
			isa = XCBuildConfiguration;
			buildSettings = {
				COMBINE_HIDPI_IMAGES = YES;
				INFOPLIST_FILE = TestSource/TestBundle/Info.plist;
				OTHER_LDFLAGS = (
					"-framework",
					Carbon,
				);
				PRODUCT_NAME = TestBundle;
			};
			name = Debug;
		};
		600CE50209F24490008BA30D /* Release */ = {
			isa = XCBuildConfiguration;
			buildSettings = {
				COMBINE_HIDPI_IMAGES = YES;
				DEAD_CODE_STRIPPING = NO;
				INFOPLIST_FILE = TestSource/TestBundle/Info.plist;
				OTHER_LDFLAGS = (
					"-framework",
					Carbon,
				);
				PRODUCT_NAME = TestBundle;
			};
			name = Release;
		};
		600CE50509F24490008BA30D /* Debug */ = {
			isa = XCBuildConfiguration;
			buildSettings = {
				COMBINE_HIDPI_IMAGES = YES;
				FRAMEWORK_VERSION = A;
				INFOPLIST_FILE = TestSource/TestFramework/Info.plist;
				OTHER_LDFLAGS = (
					"-framework",
					Foundation,
					"-framework",
					AppKit,
				);
				PRODUCT_NAME = TestFramework;
			};
			name = Debug;
		};
		600CE50609F24490008BA30D /* Release */ = {
			isa = XCBuildConfiguration;
			buildSettings = {
				COMBINE_HIDPI_IMAGES = YES;
				FRAMEWORK_VERSION = A;
				INFOPLIST_FILE = TestSource/TestFramework/Info.plist;
				OTHER_LDFLAGS = (
					"-framework",
					Foundation,
					"-framework",
					AppKit,
				);
				PRODUCT_NAME = TestFramework;
			};
			name = Release;
		};
		600CE50909F24490008BA30D /* Debug */ = {
			isa = XCBuildConfiguration;
			buildSettings = {
				COMBINE_HIDPI_IMAGES = YES;
				INFOPLIST_FILE = TestSource/UnitKitTests/Info.plist;
				OTHER_LDFLAGS = (
					"-framework",
					Carbon,
				);
				PRODUCT_NAME = UnitKitTests;
				WRAPPER_EXTENSION = bundle;
			};
			name = Debug;
		};
		600CE50A09F24490008BA30D /* Release */ = {
			isa = XCBuildConfiguration;
			buildSettings = {
				COMBINE_HIDPI_IMAGES = YES;
				DEAD_CODE_STRIPPING = NO;
				INFOPLIST_FILE = TestSource/UnitKitTests/Info.plist;
				OTHER_LDFLAGS = (
					"-framework",
					Carbon,
				);
				PRODUCT_NAME = UnitKitTests;
				WRAPPER_EXTENSION = bundle;
			};
			name = Release;
		};
		600CE50D09F24490008BA30D /* Debug */ = {
			isa = XCBuildConfiguration;
			buildSettings = {
				ARCHS = "$(ARCHS_STANDARD_32_64_BIT)";
				COPY_PHASE_STRIP = NO;
				DSTROOT = /;
				GCC_C_LANGUAGE_STANDARD = c99;
				GCC_OPTIMIZATION_LEVEL = 0;
				MACOSX_DEPLOYMENT_TARGET = 10.6;
				SDKROOT = macosx;
				STRIP_INSTALLED_PRODUCT = NO;
				WARNING_CFLAGS = "-Wall";
			};
			name = Debug;
		};
		600CE50E09F24490008BA30D /* Release */ = {
			isa = XCBuildConfiguration;
			buildSettings = {
				ARCHS = "$(ARCHS_STANDARD_32_64_BIT)";
				COPY_PHASE_STRIP = NO;
				DSTROOT = /;
				GCC_C_LANGUAGE_STANDARD = c99;
				GCC_OPTIMIZATION_LEVEL = 0;
				MACOSX_DEPLOYMENT_TARGET = 10.6;
				SDKROOT = macosx;
				STRIP_INSTALLED_PRODUCT = NO;
				WARNING_CFLAGS = "-Wall";
			};
			name = Release;
		};
/* End XCBuildConfiguration section */

/* Begin XCConfigurationList section */
		600CE4F409F24490008BA30D /* Build configuration list for PBXNativeTarget "UnitKit" */ = {
			isa = XCConfigurationList;
			buildConfigurations = (
				600CE4F509F24490008BA30D /* Debug */,
				600CE4F609F24490008BA30D /* Release */,
			);
			defaultConfigurationIsVisible = 0;
			defaultConfigurationName = Debug;
		};
		600CE4FC09F24490008BA30D /* Build configuration list for PBXNativeTarget "ukrun" */ = {
			isa = XCConfigurationList;
			buildConfigurations = (
				600CE4FD09F24490008BA30D /* Debug */,
				600CE4FE09F24490008BA30D /* Release */,
			);
			defaultConfigurationIsVisible = 0;
			defaultConfigurationName = Debug;
		};
		600CE50009F24490008BA30D /* Build configuration list for PBXNativeTarget "TestBundle" */ = {
			isa = XCConfigurationList;
			buildConfigurations = (
				600CE50109F24490008BA30D /* Debug */,
				600CE50209F24490008BA30D /* Release */,
			);
			defaultConfigurationIsVisible = 0;
			defaultConfigurationName = Debug;
		};
		600CE50409F24490008BA30D /* Build configuration list for PBXNativeTarget "TestFramework" */ = {
			isa = XCConfigurationList;
			buildConfigurations = (
				600CE50509F24490008BA30D /* Debug */,
				600CE50609F24490008BA30D /* Release */,
			);
			defaultConfigurationIsVisible = 0;
			defaultConfigurationName = Debug;
		};
		600CE50809F24490008BA30D /* Build configuration list for PBXNativeTarget "UnitKitTests" */ = {
			isa = XCConfigurationList;
			buildConfigurations = (
				600CE50909F24490008BA30D /* Debug */,
				600CE50A09F24490008BA30D /* Release */,
			);
			defaultConfigurationIsVisible = 0;
			defaultConfigurationName = Debug;
		};
		600CE50C09F24490008BA30D /* Build configuration list for PBXProject "UnitKit" */ = {
			isa = XCConfigurationList;
			buildConfigurations = (
				600CE50D09F24490008BA30D /* Debug */,
				600CE50E09F24490008BA30D /* Release */,
			);
			defaultConfigurationIsVisible = 0;
			defaultConfigurationName = Debug;
		};
/* End XCConfigurationList section */
	};
	rootObject = 0867D690FE84028FC02AAC07 /* Project object */;
}
